
Microsoft Visual Studio Solution File, Format Version 12.00
# Visual Studio Version 17
VisualStudioVersion = 17.0.31903.59
MinimumVisualStudioVersion = 10.0.40219.1
Project("{FAE04EC0-301F-11D3-BF4B-00C04F79EFBC}") = "API", "API\API.csproj", "{FC0FCC57-C6AF-4B84-83ED-E2CCAE8791DD}"
EndProject
Project("{FAE04EC0-301F-11D3-BF4B-00C04F79EFBC}") = "Application", "Application\Application.csproj", "{9222513D-2FDD-41A5-AA9A-462D756ADE26}"
EndProject
Project("{FAE04EC0-301F-11D3-BF4B-00C04F79EFBC}") = "Domain", "Domain\Domain.csproj", "{3259B122-B9D8-439D-858C-20E7E7C0612C}"
EndProject
Project("{FAE04EC0-301F-11D3-BF4B-00C04F79EFBC}") = "Persistence", "Persistence\Persistence.csproj", "{811F4758-AB1C-481E-B962-C1A7628F0D13}"
EndProject
Global
	GlobalSection(SolutionConfigurationPlatforms) = preSolution
		Debug|Any CPU = Debug|Any CPU
		Release|Any CPU = Release|Any CPU
	EndGlobalSection
	GlobalSection(SolutionProperties) = preSolution
		HideSolutionNode = FALSE
	EndGlobalSection
	GlobalSection(ProjectConfigurationPlatforms) = postSolution
		{FC0FCC57-C6AF-4B84-83ED-E2CCAE8791DD}.Debug|Any CPU.ActiveCfg = Debug|Any CPU
		{FC0FCC57-C6AF-4B84-83ED-E2CCAE8791DD}.Debug|Any CPU.Build.0 = Debug|Any CPU
		{FC0FCC57-C6AF-4B84-83ED-E2CCAE8791DD}.Release|Any CPU.ActiveCfg = Release|Any CPU
		{FC0FCC57-C6AF-4B84-83ED-E2CCAE8791DD}.Release|Any CPU.Build.0 = Release|Any CPU
		{9222513D-2FDD-41A5-AA9A-462D756ADE26}.Debug|Any CPU.ActiveCfg = Debug|Any CPU
		{9222513D-2FDD-41A5-AA9A-462D756ADE26}.Debug|Any CPU.Build.0 = Debug|Any CPU
		{9222513D-2FDD-41A5-AA9A-462D756ADE26}.Release|Any CPU.ActiveCfg = Release|Any CPU
		{9222513D-2FDD-41A5-AA9A-462D756ADE26}.Release|Any CPU.Build.0 = Release|Any CPU
		{3259B122-B9D8-439D-858C-20E7E7C0612C}.Debug|Any CPU.ActiveCfg = Debug|Any CPU
		{3259B122-B9D8-439D-858C-20E7E7C0612C}.Debug|Any CPU.Build.0 = Debug|Any CPU
		{3259B122-B9D8-439D-858C-20E7E7C0612C}.Release|Any CPU.ActiveCfg = Release|Any CPU
		{3259B122-B9D8-439D-858C-20E7E7C0612C}.Release|Any CPU.Build.0 = Release|Any CPU
		{811F4758-AB1C-481E-B962-C1A7628F0D13}.Debug|Any CPU.ActiveCfg = Debug|Any CPU
		{811F4758-AB1C-481E-B962-C1A7628F0D13}.Debug|Any CPU.Build.0 = Debug|Any CPU
		{811F4758-AB1C-481E-B962-C1A7628F0D13}.Release|Any CPU.ActiveCfg = Release|Any CPU
		{811F4758-AB1C-481E-B962-C1A7628F0D13}.Release|Any CPU.Build.0 = Release|Any CPU
	EndGlobalSection
EndGlobal
